{
  "requires": true,
  "lockfileVersion": 1,
  "dependencies": {
    "kotlin": {
      "version": "1.4.20",
      "resolved": "https://registry.npmjs.org/kotlin/-/kotlin-1.4.20.tgz",
      "integrity": "sha512-aB2UYGwxph+8ILhoHNXzQHwgqwHAcPvPg6XTJ0q851zsPdyuGQjJPdTSwmPWN5RksgsW+olWg/Fi+psy/6Dmdg=="
    }
  }
}
